# This file is automatically @generated by Cargo.
# It is not intended for manual editing.
version = 4

[[package]]
name = "adapter-claude-code"
version = "0.1.0"

[[package]]
name = "adapter-copilot-cli"
version = "0.1.0"

[[package]]
name = "adapter-pi"
version = "0.1.0"

[[package]]
name = "audit"
version = "0.1.0"

[[package]]
name = "gate-pipeline"
version = "0.1.0"

[[package]]
name = "host"
version = "0.1.0"

[[package]]
name = "lab-agents"
version = "0.1.0"

[[package]]
name = "research-agent"
version = "0.1.0"

[[package]]
name = "verifier"
version = "0.1.0"
